// !$*UTF8*$!
{
	archiveVersion = 1;
	classes = {
	};
	objectVersion = 56;
	objects = {

/* Begin PBXBuildFile section */
		C7D0447F2A82A98700D040BB /* UIImage+ext.swift in Sources */ = {isa = PBXBuildFile; fileRef = C7D0447E2A82A98700D040BB /* UIImage+ext.swift */; };
		C7D044812A82ABEC00D040BB /* CodeView.swift in Sources */ = {isa = PBXBuildFile; fileRef = C7D044802A82ABEC00D040BB /* CodeView.swift */; };
		C7D044832A82B48000D040BB /* CatalogLottie.swift in Sources */ = {isa = PBXBuildFile; fileRef = C7D044822A82B48000D040BB /* CatalogLottie.swift */; };
		C7D044852A82B5DE00D040BB /* UIView+ext.swift in Sources */ = {isa = PBXBuildFile; fileRef = C7D044842A82B5DE00D040BB /* UIView+ext.swift */; };
		C7D36A862A82953200C82845 /* Lottie in Frameworks */ = {isa = PBXBuildFile; productRef = C7D36A852A82953200C82845 /* Lottie */; };
		C7D36A8C2A82956100C82845 /* Mixing Egg into Flour.json in Resources */ = {isa = PBXBuildFile; fileRef = C7D36A882A82956100C82845 /* Mixing Egg into Flour.json */; };
		C7D36A8E2A82956100C82845 /* Fried Egg.json in Resources */ = {isa = PBXBuildFile; fileRef = C7D36A8A2A82956100C82845 /* Fried Egg.json */; };
		C7D36A8F2A82956100C82845 /* Boiling Soup.json in Resources */ = {isa = PBXBuildFile; fileRef = C7D36A8B2A82956100C82845 /* Boiling Soup.json */; };
		C7D36A922A8297E200C82845 /* CodePlaceholderView.swift in Sources */ = {isa = PBXBuildFile; fileRef = C7D36A912A8297E200C82845 /* CodePlaceholderView.swift */; };
		C7E25D362A825B5100CC56F2 /* AppDelegate.swift in Sources */ = {isa = PBXBuildFile; fileRef = C7E25D352A825B5100CC56F2 /* AppDelegate.swift */; };
		C7E25D382A825B5100CC56F2 /* SceneDelegate.swift in Sources */ = {isa = PBXBuildFile; fileRef = C7E25D372A825B5100CC56F2 /* SceneDelegate.swift */; };
		C7E25D3A2A825B5100CC56F2 /* ViewController.swift in Sources */ = {isa = PBXBuildFile; fileRef = C7E25D392A825B5100CC56F2 /* ViewController.swift */; };
		C7E25D3D2A825B5100CC56F2 /* Main.storyboard in Resources */ = {isa = PBXBuildFile; fileRef = C7E25D3B2A825B5100CC56F2 /* Main.storyboard */; };
		C7E25D3F2A825B5200CC56F2 /* Assets.xcassets in Resources */ = {isa = PBXBuildFile; fileRef = C7E25D3E2A825B5200CC56F2 /* Assets.xcassets */; };
		C7E25D422A825B5200CC56F2 /* LaunchScreen.storyboard in Resources */ = {isa = PBXBuildFile; fileRef = C7E25D402A825B5200CC56F2 /* LaunchScreen.storyboard */; };
		C7E25D4D2A825B5200CC56F2 /* BonusProgramAppTests.swift in Sources */ = {isa = PBXBuildFile; fileRef = C7E25D4C2A825B5200CC56F2 /* BonusProgramAppTests.swift */; };
		C7E25D572A825B5200CC56F2 /* BonusProgramAppUITests.swift in Sources */ = {isa = PBXBuildFile; fileRef = C7E25D562A825B5200CC56F2 /* BonusProgramAppUITests.swift */; };
		C7E25D592A825B5200CC56F2 /* BonusProgramAppUITestsLaunchTests.swift in Sources */ = {isa = PBXBuildFile; fileRef = C7E25D582A825B5200CC56F2 /* BonusProgramAppUITestsLaunchTests.swift */; };
		C7E25D6B2A82629C00CC56F2 /* CodeViewController.swift in Sources */ = {isa = PBXBuildFile; fileRef = C7E25D6A2A82629C00CC56F2 /* CodeViewController.swift */; };
		C7E25D6D2A826A1900CC56F2 /* API-Keys.plist in Resources */ = {isa = PBXBuildFile; fileRef = C7E25D6C2A826A1900CC56F2 /* API-Keys.plist */; };
		C7E25D702A826A6400CC56F2 /* CodeGeneratorService.swift in Sources */ = {isa = PBXBuildFile; fileRef = C7E25D6F2A826A6400CC56F2 /* CodeGeneratorService.swift */; };
		C7E25D722A826F4800CC56F2 /* KeysAPIService.swift in Sources */ = {isa = PBXBuildFile; fileRef = C7E25D712A826F4800CC56F2 /* KeysAPIService.swift */; };
		C7E25D742A82726F00CC56F2 /* RandomCodeResponse.swift in Sources */ = {isa = PBXBuildFile; fileRef = C7E25D732A82726F00CC56F2 /* RandomCodeResponse.swift */; };
/* End PBXBuildFile section */

/* Begin PBXContainerItemProxy section */
		C7E25D492A825B5200CC56F2 /* PBXContainerItemProxy */ = {
			isa = PBXContainerItemProxy;
			containerPortal = C7E25D2A2A825B5100CC56F2 /* Project object */;
			proxyType = 1;
			remoteGlobalIDString = C7E25D312A825B5100CC56F2;
			remoteInfo = BonusProgramApp;
		};
		C7E25D532A825B5200CC56F2 /* PBXContainerItemProxy */ = {
			isa = PBXContainerItemProxy;
			containerPortal = C7E25D2A2A825B5100CC56F2 /* Project object */;
			proxyType = 1;
			remoteGlobalIDString = C7E25D312A825B5100CC56F2;
			remoteInfo = BonusProgramApp;
		};
/* End PBXContainerItemProxy section */

/* Begin PBXFileReference section */
		C7D0447E2A82A98700D040BB /* UIImage+ext.swift */ = {isa = PBXFileReference; lastKnownFileType = sourcecode.swift; path = "UIImage+ext.swift"; sourceTree = "<group>"; };
		C7D044802A82ABEC00D040BB /* CodeView.swift */ = {isa = PBXFileReference; lastKnownFileType = sourcecode.swift; path = CodeView.swift; sourceTree = "<group>"; };
		C7D044822A82B48000D040BB /* CatalogLottie.swift */ = {isa = PBXFileReference; lastKnownFileType = sourcecode.swift; path = CatalogLottie.swift; sourceTree = "<group>"; };
		C7D044842A82B5DE00D040BB /* UIView+ext.swift */ = {isa = PBXFileReference; lastKnownFileType = sourcecode.swift; path = "UIView+ext.swift"; sourceTree = "<group>"; };
		C7D36A882A82956100C82845 /* Mixing Egg into Flour.json */ = {isa = PBXFileReference; fileEncoding = 4; lastKnownFileType = text.json; path = "Mixing Egg into Flour.json"; sourceTree = "<group>"; };
		C7D36A8A2A82956100C82845 /* Fried Egg.json */ = {isa = PBXFileReference; fileEncoding = 4; lastKnownFileType = text.json; path = "Fried Egg.json"; sourceTree = "<group>"; };
		C7D36A8B2A82956100C82845 /* Boiling Soup.json */ = {isa = PBXFileReference; fileEncoding = 4; lastKnownFileType = text.json; path = "Boiling Soup.json"; sourceTree = "<group>"; };
		C7D36A912A8297E200C82845 /* CodePlaceholderView.swift */ = {isa = PBXFileReference; lastKnownFileType = sourcecode.swift; path = CodePlaceholderView.swift; sourceTree = "<group>"; };
		C7E25D322A825B5100CC56F2 /* BonusProgramApp.app */ = {isa = PBXFileReference; explicitFileType = wrapper.application; includeInIndex = 0; path = BonusProgramApp.app; sourceTree = BUILT_PRODUCTS_DIR; };
		C7E25D352A825B5100CC56F2 /* AppDelegate.swift */ = {isa = PBXFileReference; lastKnownFileType = sourcecode.swift; path = AppDelegate.swift; sourceTree = "<group>"; };
		C7E25D372A825B5100CC56F2 /* SceneDelegate.swift */ = {isa = PBXFileReference; lastKnownFileType = sourcecode.swift; path = SceneDelegate.swift; sourceTree = "<group>"; };
		C7E25D392A825B5100CC56F2 /* ViewController.swift */ = {isa = PBXFileReference; lastKnownFileType = sourcecode.swift; path = ViewController.swift; sourceTree = "<group>"; };
		C7E25D3C2A825B5100CC56F2 /* Base */ = {isa = PBXFileReference; lastKnownFileType = file.storyboard; name = Base; path = Base.lproj/Main.storyboard; sourceTree = "<group>"; };
		C7E25D3E2A825B5200CC56F2 /* Assets.xcassets */ = {isa = PBXFileReference; lastKnownFileType = folder.assetcatalog; path = Assets.xcassets; sourceTree = "<group>"; };
		C7E25D412A825B5200CC56F2 /* Base */ = {isa = PBXFileReference; lastKnownFileType = file.storyboard; name = Base; path = Base.lproj/LaunchScreen.storyboard; sourceTree = "<group>"; };
		C7E25D432A825B5200CC56F2 /* Info.plist */ = {isa = PBXFileReference; lastKnownFileType = text.plist.xml; path = Info.plist; sourceTree = "<group>"; };
		C7E25D482A825B5200CC56F2 /* BonusProgramAppTests.xctest */ = {isa = PBXFileReference; explicitFileType = wrapper.cfbundle; includeInIndex = 0; path = BonusProgramAppTests.xctest; sourceTree = BUILT_PRODUCTS_DIR; };
		C7E25D4C2A825B5200CC56F2 /* BonusProgramAppTests.swift */ = {isa = PBXFileReference; lastKnownFileType = sourcecode.swift; path = BonusProgramAppTests.swift; sourceTree = "<group>"; };
		C7E25D522A825B5200CC56F2 /* BonusProgramAppUITests.xctest */ = {isa = PBXFileReference; explicitFileType = wrapper.cfbundle; includeInIndex = 0; path = BonusProgramAppUITests.xctest; sourceTree = BUILT_PRODUCTS_DIR; };
		C7E25D562A825B5200CC56F2 /* BonusProgramAppUITests.swift */ = {isa = PBXFileReference; lastKnownFileType = sourcecode.swift; path = BonusProgramAppUITests.swift; sourceTree = "<group>"; };
		C7E25D582A825B5200CC56F2 /* BonusProgramAppUITestsLaunchTests.swift */ = {isa = PBXFileReference; lastKnownFileType = sourcecode.swift; path = BonusProgramAppUITestsLaunchTests.swift; sourceTree = "<group>"; };
		C7E25D6A2A82629C00CC56F2 /* CodeViewController.swift */ = {isa = PBXFileReference; lastKnownFileType = sourcecode.swift; path = CodeViewController.swift; sourceTree = "<group>"; };
		C7E25D6C2A826A1900CC56F2 /* API-Keys.plist */ = {isa = PBXFileReference; lastKnownFileType = text.plist.xml; path = "API-Keys.plist"; sourceTree = "<group>"; };
		C7E25D6F2A826A6400CC56F2 /* CodeGeneratorService.swift */ = {isa = PBXFileReference; lastKnownFileType = sourcecode.swift; path = CodeGeneratorService.swift; sourceTree = "<group>"; };
		C7E25D712A826F4800CC56F2 /* KeysAPIService.swift */ = {isa = PBXFileReference; lastKnownFileType = sourcecode.swift; path = KeysAPIService.swift; sourceTree = "<group>"; };
		C7E25D732A82726F00CC56F2 /* RandomCodeResponse.swift */ = {isa = PBXFileReference; lastKnownFileType = sourcecode.swift; path = RandomCodeResponse.swift; sourceTree = "<group>"; };
/* End PBXFileReference section */

/* Begin PBXFrameworksBuildPhase section */
		C7E25D2F2A825B5100CC56F2 /* Frameworks */ = {
			isa = PBXFrameworksBuildPhase;
			buildActionMask = 2147483647;
			files = (
				C7D36A862A82953200C82845 /* Lottie in Frameworks */,
			);
			runOnlyForDeploymentPostprocessing = 0;
		};
		C7E25D452A825B5200CC56F2 /* Frameworks */ = {
			isa = PBXFrameworksBuildPhase;
			buildActionMask = 2147483647;
			files = (
			);
			runOnlyForDeploymentPostprocessing = 0;
		};
		C7E25D4F2A825B5200CC56F2 /* Frameworks */ = {
			isa = PBXFrameworksBuildPhase;
			buildActionMask = 2147483647;
			files = (
			);
			runOnlyForDeploymentPostprocessing = 0;
		};
/* End PBXFrameworksBuildPhase section */

/* Begin PBXGroup section */
		C7D0447D2A82A96B00D040BB /* Library */ = {
			isa = PBXGroup;
			children = (
				C7D044862A82B60900D040BB /* Extension */,
			);
			path = Library;
			sourceTree = "<group>";
		};
		C7D044862A82B60900D040BB /* Extension */ = {
			isa = PBXGroup;
			children = (
				C7D0447E2A82A98700D040BB /* UIImage+ext.swift */,
				C7D044842A82B5DE00D040BB /* UIView+ext.swift */,
			);
			path = Extension;
			sourceTree = "<group>";
		};
		C7D044872A82BEBD00D040BB /* Models */ = {
			isa = PBXGroup;
			children = (
				C7E25D732A82726F00CC56F2 /* RandomCodeResponse.swift */,
			);
			path = Models;
			sourceTree = "<group>";
		};
		C7D36A872A82954E00C82845 /* AnimationsLottie */ = {
			isa = PBXGroup;
			children = (
				C7D36A8B2A82956100C82845 /* Boiling Soup.json */,
				C7D36A8A2A82956100C82845 /* Fried Egg.json */,
				C7D36A882A82956100C82845 /* Mixing Egg into Flour.json */,
				C7D044822A82B48000D040BB /* CatalogLottie.swift */,
			);
			path = AnimationsLottie;
			sourceTree = "<group>";
		};
		C7D36A902A8297A500C82845 /* Views */ = {
			isa = PBXGroup;
			children = (
				C7D36A912A8297E200C82845 /* CodePlaceholderView.swift */,
				C7D044802A82ABEC00D040BB /* CodeView.swift */,
			);
			path = Views;
			sourceTree = "<group>";
		};
		C7E25D292A825B5100CC56F2 = {
			isa = PBXGroup;
			children = (
				C7E25D342A825B5100CC56F2 /* BonusProgramApp */,
				C7E25D4B2A825B5200CC56F2 /* BonusProgramAppTests */,
				C7E25D552A825B5200CC56F2 /* BonusProgramAppUITests */,
				C7E25D332A825B5100CC56F2 /* Products */,
			);
			sourceTree = "<group>";
		};
		C7E25D332A825B5100CC56F2 /* Products */ = {
			isa = PBXGroup;
			children = (
				C7E25D322A825B5100CC56F2 /* BonusProgramApp.app */,
				C7E25D482A825B5200CC56F2 /* BonusProgramAppTests.xctest */,
				C7E25D522A825B5200CC56F2 /* BonusProgramAppUITests.xctest */,
			);
			name = Products;
			sourceTree = "<group>";
		};
		C7E25D342A825B5100CC56F2 /* BonusProgramApp */ = {
			isa = PBXGroup;
			children = (
				C7D044872A82BEBD00D040BB /* Models */,
				C7D36A902A8297A500C82845 /* Views */,
				C7E25D6E2A826A4700CC56F2 /* Services */,
				C7E25D682A82621E00CC56F2 /* Storyboards */,
				C7E25D672A82620D00CC56F2 /* Controllers */,
				C7E25D652A8261E500CC56F2 /* App */,
				C7D0447D2A82A96B00D040BB /* Library */,
				C7E25D662A8261F300CC56F2 /* Resources */,
			);
			path = BonusProgramApp;
			sourceTree = "<group>";
		};
		C7E25D4B2A825B5200CC56F2 /* BonusProgramAppTests */ = {
			isa = PBXGroup;
			children = (
				C7E25D4C2A825B5200CC56F2 /* BonusProgramAppTests.swift */,
			);
			path = BonusProgramAppTests;
			sourceTree = "<group>";
		};
		C7E25D552A825B5200CC56F2 /* BonusProgramAppUITests */ = {
			isa = PBXGroup;
			children = (
				C7E25D562A825B5200CC56F2 /* BonusProgramAppUITests.swift */,
				C7E25D582A825B5200CC56F2 /* BonusProgramAppUITestsLaunchTests.swift */,
			);
			path = BonusProgramAppUITests;
			sourceTree = "<group>";
		};
		C7E25D652A8261E500CC56F2 /* App */ = {
			isa = PBXGroup;
			children = (
				C7E25D352A825B5100CC56F2 /* AppDelegate.swift */,
				C7E25D372A825B5100CC56F2 /* SceneDelegate.swift */,
			);
			path = App;
			sourceTree = "<group>";
		};
		C7E25D662A8261F300CC56F2 /* Resources */ = {
			isa = PBXGroup;
			children = (
				C7D36A872A82954E00C82845 /* AnimationsLottie */,
				C7E25D3E2A825B5200CC56F2 /* Assets.xcassets */,
				C7E25D402A825B5200CC56F2 /* LaunchScreen.storyboard */,
				C7E25D432A825B5200CC56F2 /* Info.plist */,
				C7E25D6C2A826A1900CC56F2 /* API-Keys.plist */,
			);
			path = Resources;
			sourceTree = "<group>";
		};
		C7E25D672A82620D00CC56F2 /* Controllers */ = {
			isa = PBXGroup;
			children = (
				C7E25D392A825B5100CC56F2 /* ViewController.swift */,
				C7E25D6A2A82629C00CC56F2 /* CodeViewController.swift */,
			);
			path = Controllers;
			sourceTree = "<group>";
		};
		C7E25D682A82621E00CC56F2 /* Storyboards */ = {
			isa = PBXGroup;
			children = (
				C7E25D3B2A825B5100CC56F2 /* Main.storyboard */,
			);
			path = Storyboards;
			sourceTree = "<group>";
		};
		C7E25D6E2A826A4700CC56F2 /* Services */ = {
			isa = PBXGroup;
			children = (
				C7E25D6F2A826A6400CC56F2 /* CodeGeneratorService.swift */,
				C7E25D712A826F4800CC56F2 /* KeysAPIService.swift */,
			);
			path = Services;
			sourceTree = "<group>";
		};
/* End PBXGroup section */

/* Begin PBXNativeTarget section */
		C7E25D312A825B5100CC56F2 /* BonusProgramApp */ = {
			isa = PBXNativeTarget;
			buildConfigurationList = C7E25D5C2A825B5200CC56F2 /* Build configuration list for PBXNativeTarget "BonusProgramApp" */;
			buildPhases = (
				C7E25D2E2A825B5100CC56F2 /* Sources */,
				C7E25D2F2A825B5100CC56F2 /* Frameworks */,
				C7E25D302A825B5100CC56F2 /* Resources */,
			);
			buildRules = (
			);
			dependencies = (
			);
			name = BonusProgramApp;
			packageProductDependencies = (
				C7D36A852A82953200C82845 /* Lottie */,
			);
			productName = BonusProgramApp;
			productReference = C7E25D322A825B5100CC56F2 /* BonusProgramApp.app */;
			productType = "com.apple.product-type.application";
		};
		C7E25D472A825B5200CC56F2 /* BonusProgramAppTests */ = {
			isa = PBXNativeTarget;
			buildConfigurationList = C7E25D5F2A825B5200CC56F2 /* Build configuration list for PBXNativeTarget "BonusProgramAppTests" */;
			buildPhases = (
				C7E25D442A825B5200CC56F2 /* Sources */,
				C7E25D452A825B5200CC56F2 /* Frameworks */,
				C7E25D462A825B5200CC56F2 /* Resources */,
			);
			buildRules = (
			);
			dependencies = (
				C7E25D4A2A825B5200CC56F2 /* PBXTargetDependency */,
			);
			name = BonusProgramAppTests;
			productName = BonusProgramAppTests;
			productReference = C7E25D482A825B5200CC56F2 /* BonusProgramAppTests.xctest */;
			productType = "com.apple.product-type.bundle.unit-test";
		};
		C7E25D512A825B5200CC56F2 /* BonusProgramAppUITests */ = {
			isa = PBXNativeTarget;
			buildConfigurationList = C7E25D622A825B5200CC56F2 /* Build configuration list for PBXNativeTarget "BonusProgramAppUITests" */;
			buildPhases = (
				C7E25D4E2A825B5200CC56F2 /* Sources */,
				C7E25D4F2A825B5200CC56F2 /* Frameworks */,
				C7E25D502A825B5200CC56F2 /* Resources */,
			);
			buildRules = (
			);
			dependencies = (
				C7E25D542A825B5200CC56F2 /* PBXTargetDependency */,
			);
			name = BonusProgramAppUITests;
			productName = BonusProgramAppUITests;
			productReference = C7E25D522A825B5200CC56F2 /* BonusProgramAppUITests.xctest */;
			productType = "com.apple.product-type.bundle.ui-testing";
		};
/* End PBXNativeTarget section */

/* Begin PBXProject section */
		C7E25D2A2A825B5100CC56F2 /* Project object */ = {
			isa = PBXProject;
			attributes = {
				BuildIndependentTargetsInParallel = 1;
				LastSwiftUpdateCheck = 1420;
				LastUpgradeCheck = 1420;
				TargetAttributes = {
					C7E25D312A825B5100CC56F2 = {
						CreatedOnToolsVersion = 14.2;
					};
					C7E25D472A825B5200CC56F2 = {
						CreatedOnToolsVersion = 14.2;
						TestTargetID = C7E25D312A825B5100CC56F2;
					};
					C7E25D512A825B5200CC56F2 = {
						CreatedOnToolsVersion = 14.2;
						TestTargetID = C7E25D312A825B5100CC56F2;
					};
				};
			};
			buildConfigurationList = C7E25D2D2A825B5100CC56F2 /* Build configuration list for PBXProject "BonusProgramApp" */;
			compatibilityVersion = "Xcode 14.0";
			developmentRegion = en;
			hasScannedForEncodings = 0;
			knownRegions = (
				en,
				Base,
			);
			mainGroup = C7E25D292A825B5100CC56F2;
			packageReferences = (
				C7D36A842A82953200C82845 /* XCRemoteSwiftPackageReference "lottie-spm" */,
			);
			productRefGroup = C7E25D332A825B5100CC56F2 /* Products */;
			projectDirPath = "";
			projectRoot = "";
			targets = (
				C7E25D312A825B5100CC56F2 /* BonusProgramApp */,
				C7E25D472A825B5200CC56F2 /* BonusProgramAppTests */,
				C7E25D512A825B5200CC56F2 /* BonusProgramAppUITests */,
			);
		};
/* End PBXProject section */

/* Begin PBXResourcesBuildPhase section */
		C7E25D302A825B5100CC56F2 /* Resources */ = {
			isa = PBXResourcesBuildPhase;
			buildActionMask = 2147483647;
			files = (
				C7E25D422A825B5200CC56F2 /* LaunchScreen.storyboard in Resources */,
				C7E25D3F2A825B5200CC56F2 /* Assets.xcassets in Resources */,
				C7D36A8C2A82956100C82845 /* Mixing Egg into Flour.json in Resources */,
				C7D36A8F2A82956100C82845 /* Boiling Soup.json in Resources */,
				C7E25D3D2A825B5100CC56F2 /* Main.storyboard in Resources */,
				C7E25D6D2A826A1900CC56F2 /* API-Keys.plist in Resources */,
				C7D36A8E2A82956100C82845 /* Fried Egg.json in Resources */,
			);
			runOnlyForDeploymentPostprocessing = 0;
		};
		C7E25D462A825B5200CC56F2 /* Resources */ = {
			isa = PBXResourcesBuildPhase;
			buildActionMask = 2147483647;
			files = (
			);
			runOnlyForDeploymentPostprocessing = 0;
		};
		C7E25D502A825B5200CC56F2 /* Resources */ = {
			isa = PBXResourcesBuildPhase;
			buildActionMask = 2147483647;
			files = (
			);
			runOnlyForDeploymentPostprocessing = 0;
		};
/* End PBXResourcesBuildPhase section */

/* Begin PBXSourcesBuildPhase section */
		C7E25D2E2A825B5100CC56F2 /* Sources */ = {
			isa = PBXSourcesBuildPhase;
			buildActionMask = 2147483647;
			files = (
				C7D044852A82B5DE00D040BB /* UIView+ext.swift in Sources */,
				C7D0447F2A82A98700D040BB /* UIImage+ext.swift in Sources */,
				C7E25D722A826F4800CC56F2 /* KeysAPIService.swift in Sources */,
				C7D044812A82ABEC00D040BB /* CodeView.swift in Sources */,
				C7E25D702A826A6400CC56F2 /* CodeGeneratorService.swift in Sources */,
				C7E25D742A82726F00CC56F2 /* RandomCodeResponse.swift in Sources */,
				C7D36A922A8297E200C82845 /* CodePlaceholderView.swift in Sources */,
				C7E25D6B2A82629C00CC56F2 /* CodeViewController.swift in Sources */,
				C7D044832A82B48000D040BB /* CatalogLottie.swift in Sources */,
				C7E25D3A2A825B5100CC56F2 /* ViewController.swift in Sources */,
				C7E25D362A825B5100CC56F2 /* AppDelegate.swift in Sources */,
				C7E25D382A825B5100CC56F2 /* SceneDelegate.swift in Sources */,
			);
			runOnlyForDeploymentPostprocessing = 0;
		};
		C7E25D442A825B5200CC56F2 /* Sources */ = {
			isa = PBXSourcesBuildPhase;
			buildActionMask = 2147483647;
			files = (
				C7E25D4D2A825B5200CC56F2 /* BonusProgramAppTests.swift in Sources */,
			);
			runOnlyForDeploymentPostprocessing = 0;
		};
		C7E25D4E2A825B5200CC56F2 /* Sources */ = {
			isa = PBXSourcesBuildPhase;
			buildActionMask = 2147483647;
			files = (
				C7E25D572A825B5200CC56F2 /* BonusProgramAppUITests.swift in Sources */,
				C7E25D592A825B5200CC56F2 /* BonusProgramAppUITestsLaunchTests.swift in Sources */,
			);
			runOnlyForDeploymentPostprocessing = 0;
		};
/* End PBXSourcesBuildPhase section */

/* Begin PBXTargetDependency section */
		C7E25D4A2A825B5200CC56F2 /* PBXTargetDependency */ = {
			isa = PBXTargetDependency;
			target = C7E25D312A825B5100CC56F2 /* BonusProgramApp */;
			targetProxy = C7E25D492A825B5200CC56F2 /* PBXContainerItemProxy */;
		};
		C7E25D542A825B5200CC56F2 /* PBXTargetDependency */ = {
			isa = PBXTargetDependency;
			target = C7E25D312A825B5100CC56F2 /* BonusProgramApp */;
			targetProxy = C7E25D532A825B5200CC56F2 /* PBXContainerItemProxy */;
		};
/* End PBXTargetDependency section */

/* Begin PBXVariantGroup section */
		C7E25D3B2A825B5100CC56F2 /* Main.storyboard */ = {
			isa = PBXVariantGroup;
			children = (
				C7E25D3C2A825B5100CC56F2 /* Base */,
			);
			name = Main.storyboard;
			sourceTree = "<group>";
		};
		C7E25D402A825B5200CC56F2 /* LaunchScreen.storyboard */ = {
			isa = PBXVariantGroup;
			children = (
				C7E25D412A825B5200CC56F2 /* Base */,
			);
			name = LaunchScreen.storyboard;
			sourceTree = "<group>";
		};
/* End PBXVariantGroup section */

/* Begin XCBuildConfiguration section */
		C7E25D5A2A825B5200CC56F2 /* Debug */ = {
			isa = XCBuildConfiguration;
			buildSettings = {
				ALWAYS_SEARCH_USER_PATHS = NO;
				CLANG_ANALYZER_NONNULL = YES;
				CLANG_ANALYZER_NUMBER_OBJECT_CONVERSION = YES_AGGRESSIVE;
				CLANG_CXX_LANGUAGE_STANDARD = "gnu++20";
				CLANG_ENABLE_MODULES = YES;
				CLANG_ENABLE_OBJC_ARC = YES;
				CLANG_ENABLE_OBJC_WEAK = YES;
				CLANG_WARN_BLOCK_CAPTURE_AUTORELEASING = YES;
				CLANG_WARN_BOOL_CONVERSION = YES;
				CLANG_WARN_COMMA = YES;
				CLANG_WARN_CONSTANT_CONVERSION = YES;
				CLANG_WARN_DEPRECATED_OBJC_IMPLEMENTATIONS = YES;
				CLANG_WARN_DIRECT_OBJC_ISA_USAGE = YES_ERROR;
				CLANG_WARN_DOCUMENTATION_COMMENTS = YES;
				CLANG_WARN_EMPTY_BODY = YES;
				CLANG_WARN_ENUM_CONVERSION = YES;
				CLANG_WARN_INFINITE_RECURSION = YES;
				CLANG_WARN_INT_CONVERSION = YES;
				CLANG_WARN_NON_LITERAL_NULL_CONVERSION = YES;
				CLANG_WARN_OBJC_IMPLICIT_RETAIN_SELF = YES;
				CLANG_WARN_OBJC_LITERAL_CONVERSION = YES;
				CLANG_WARN_OBJC_ROOT_CLASS = YES_ERROR;
				CLANG_WARN_QUOTED_INCLUDE_IN_FRAMEWORK_HEADER = YES;
				CLANG_WARN_RANGE_LOOP_ANALYSIS = YES;
				CLANG_WARN_STRICT_PROTOTYPES = YES;
				CLANG_WARN_SUSPICIOUS_MOVE = YES;
				CLANG_WARN_UNGUARDED_AVAILABILITY = YES_AGGRESSIVE;
				CLANG_WARN_UNREACHABLE_CODE = YES;
				CLANG_WARN__DUPLICATE_METHOD_MATCH = YES;
				COPY_PHASE_STRIP = NO;
				DEBUG_INFORMATION_FORMAT = dwarf;
				ENABLE_STRICT_OBJC_MSGSEND = YES;
				ENABLE_TESTABILITY = YES;
				GCC_C_LANGUAGE_STANDARD = gnu11;
				GCC_DYNAMIC_NO_PIC = NO;
				GCC_NO_COMMON_BLOCKS = YES;
				GCC_OPTIMIZATION_LEVEL = 0;
				GCC_PREPROCESSOR_DEFINITIONS = (
					"DEBUG=1",
					"$(inherited)",
				);
				GCC_WARN_64_TO_32_BIT_CONVERSION = YES;
				GCC_WARN_ABOUT_RETURN_TYPE = YES_ERROR;
				GCC_WARN_UNDECLARED_SELECTOR = YES;
				GCC_WARN_UNINITIALIZED_AUTOS = YES_AGGRESSIVE;
				GCC_WARN_UNUSED_FUNCTION = YES;
				GCC_WARN_UNUSED_VARIABLE = YES;
				IPHONEOS_DEPLOYMENT_TARGET = 16.2;
				MTL_ENABLE_DEBUG_INFO = INCLUDE_SOURCE;
				MTL_FAST_MATH = YES;
				ONLY_ACTIVE_ARCH = YES;
				SDKROOT = iphoneos;
				SWIFT_ACTIVE_COMPILATION_CONDITIONS = DEBUG;
				SWIFT_OPTIMIZATION_LEVEL = "-Onone";
			};
			name = Debug;
		};
		C7E25D5B2A825B5200CC56F2 /* Release */ = {
			isa = XCBuildConfiguration;
			buildSettings = {
				ALWAYS_SEARCH_USER_PATHS = NO;
				CLANG_ANALYZER_NONNULL = YES;
				CLANG_ANALYZER_NUMBER_OBJECT_CONVERSION = YES_AGGRESSIVE;
				CLANG_CXX_LANGUAGE_STANDARD = "gnu++20";
				CLANG_ENABLE_MODULES = YES;
				CLANG_ENABLE_OBJC_ARC = YES;
				CLANG_ENABLE_OBJC_WEAK = YES;
				CLANG_WARN_BLOCK_CAPTURE_AUTORELEASING = YES;
				CLANG_WARN_BOOL_CONVERSION = YES;
				CLANG_WARN_COMMA = YES;
				CLANG_WARN_CONSTANT_CONVERSION = YES;
				CLANG_WARN_DEPRECATED_OBJC_IMPLEMENTATIONS = YES;
				CLANG_WARN_DIRECT_OBJC_ISA_USAGE = YES_ERROR;
				CLANG_WARN_DOCUMENTATION_COMMENTS = YES;
				CLANG_WARN_EMPTY_BODY = YES;
				CLANG_WARN_ENUM_CONVERSION = YES;
				CLANG_WARN_INFINITE_RECURSION = YES;
				CLANG_WARN_INT_CONVERSION = YES;
				CLANG_WARN_NON_LITERAL_NULL_CONVERSION = YES;
				CLANG_WARN_OBJC_IMPLICIT_RETAIN_SELF = YES;
				CLANG_WARN_OBJC_LITERAL_CONVERSION = YES;
				CLANG_WARN_OBJC_ROOT_CLASS = YES_ERROR;
				CLANG_WARN_QUOTED_INCLUDE_IN_FRAMEWORK_HEADER = YES;
				CLANG_WARN_RANGE_LOOP_ANALYSIS = YES;
				CLANG_WARN_STRICT_PROTOTYPES = YES;
				CLANG_WARN_SUSPICIOUS_MOVE = YES;
				CLANG_WARN_UNGUARDED_AVAILABILITY = YES_AGGRESSIVE;
				CLANG_WARN_UNREACHABLE_CODE = YES;
				CLANG_WARN__DUPLICATE_METHOD_MATCH = YES;
				COPY_PHASE_STRIP = NO;
				DEBUG_INFORMATION_FORMAT = "dwarf-with-dsym";
				ENABLE_NS_ASSERTIONS = NO;
				ENABLE_STRICT_OBJC_MSGSEND = YES;
				GCC_C_LANGUAGE_STANDARD = gnu11;
				GCC_NO_COMMON_BLOCKS = YES;
				GCC_WARN_64_TO_32_BIT_CONVERSION = YES;
				GCC_WARN_ABOUT_RETURN_TYPE = YES_ERROR;
				GCC_WARN_UNDECLARED_SELECTOR = YES;
				GCC_WARN_UNINITIALIZED_AUTOS = YES_AGGRESSIVE;
				GCC_WARN_UNUSED_FUNCTION = YES;
				GCC_WARN_UNUSED_VARIABLE = YES;
				IPHONEOS_DEPLOYMENT_TARGET = 16.2;
				MTL_ENABLE_DEBUG_INFO = NO;
				MTL_FAST_MATH = YES;
				SDKROOT = iphoneos;
				SWIFT_COMPILATION_MODE = wholemodule;
				SWIFT_OPTIMIZATION_LEVEL = "-O";
				VALIDATE_PRODUCT = YES;
			};
			name = Release;
		};
		C7E25D5D2A825B5200CC56F2 /* Debug */ = {
			isa = XCBuildConfiguration;
			buildSettings = {
				ASSETCATALOG_COMPILER_APPICON_NAME = AppIcon;
				ASSETCATALOG_COMPILER_GLOBAL_ACCENT_COLOR_NAME = AccentColor;
				CODE_SIGN_STYLE = Automatic;
				CURRENT_PROJECT_VERSION = 1;
				DEVELOPMENT_TEAM = YV94F8SKGT;
				GENERATE_INFOPLIST_FILE = YES;
				INFOPLIST_FILE = BonusProgramApp/Resources/Info.plist;
				INFOPLIST_KEY_UIApplicationSupportsIndirectInputEvents = YES;
				INFOPLIST_KEY_UILaunchStoryboardName = LaunchScreen;
				INFOPLIST_KEY_UIMainStoryboardFile = Main;
				INFOPLIST_KEY_UISupportedInterfaceOrientations = UIInterfaceOrientationPortrait;
				IPHONEOS_DEPLOYMENT_TARGET = 15.0;
				LD_RUNPATH_SEARCH_PATHS = (
					"$(inherited)",
					"@executable_path/Frameworks",
				);
				MARKETING_VERSION = 1.0;
				PRODUCT_BUNDLE_IDENTIFIER = space.redoctopus.BonusProgramApp;
				PRODUCT_NAME = "$(TARGET_NAME)";
				SUPPORTED_PLATFORMS = "iphoneos iphonesimulator";
				SUPPORTS_MACCATALYST = NO;
				SUPPORTS_MAC_DESIGNED_FOR_IPHONE_IPAD = YES;
				SWIFT_EMIT_LOC_STRINGS = YES;
				SWIFT_VERSION = 5.0;
				TARGETED_DEVICE_FAMILY = 1;
			};
			name = Debug;
		};
		C7E25D5E2A825B5200CC56F2 /* Release */ = {
			isa = XCBuildConfiguration;
			buildSettings = {
				ASSETCATALOG_COMPILER_APPICON_NAME = AppIcon;
				ASSETCATALOG_COMPILER_GLOBAL_ACCENT_COLOR_NAME = AccentColor;
				CODE_SIGN_STYLE = Automatic;
				CURRENT_PROJECT_VERSION = 1;
				DEVELOPMENT_TEAM = YV94F8SKGT;
				GENERATE_INFOPLIST_FILE = YES;
				INFOPLIST_FILE = BonusProgramApp/Resources/Info.plist;
				INFOPLIST_KEY_UIApplicationSupportsIndirectInputEvents = YES;
				INFOPLIST_KEY_UILaunchStoryboardName = LaunchScreen;
				INFOPLIST_KEY_UIMainStoryboardFile = Main;
				INFOPLIST_KEY_UISupportedInterfaceOrientations = UIInterfaceOrientationPortrait;
				IPHONEOS_DEPLOYMENT_TARGET = 15.0;
				LD_RUNPATH_SEARCH_PATHS = (
					"$(inherited)",
					"@executable_path/Frameworks",
				);
				MARKETING_VERSION = 1.0;
				PRODUCT_BUNDLE_IDENTIFIER = space.redoctopus.BonusProgramApp;
				PRODUCT_NAME = "$(TARGET_NAME)";
				SUPPORTED_PLATFORMS = "iphoneos iphonesimulator";
				SUPPORTS_MACCATALYST = NO;
				SUPPORTS_MAC_DESIGNED_FOR_IPHONE_IPAD = YES;
				SWIFT_EMIT_LOC_STRINGS = YES;
				SWIFT_VERSION = 5.0;
				TARGETED_DEVICE_FAMILY = 1;
			};
			name = Release;
		};
		C7E25D602A825B5200CC56F2 /* Debug */ = {
			isa = XCBuildConfiguration;
			buildSettings = {
				ALWAYS_EMBED_SWIFT_STANDARD_LIBRARIES = YES;
				BUNDLE_LOADER = "$(TEST_HOST)";
				CODE_SIGN_STYLE = Automatic;
				CURRENT_PROJECT_VERSION = 1;
				DEVELOPMENT_TEAM = YV94F8SKGT;
				GENERATE_INFOPLIST_FILE = YES;
				IPHONEOS_DEPLOYMENT_TARGET = 16.2;
				MARKETING_VERSION = 1.0;
				PRODUCT_BUNDLE_IDENTIFIER = space.redoctopus.BonusProgramAppTests;
				PRODUCT_NAME = "$(TARGET_NAME)";
				SWIFT_EMIT_LOC_STRINGS = NO;
				SWIFT_VERSION = 5.0;
				TARGETED_DEVICE_FAMILY = "1,2";
				TEST_HOST = "$(BUILT_PRODUCTS_DIR)/BonusProgramApp.app/$(BUNDLE_EXECUTABLE_FOLDER_PATH)/BonusProgramApp";
			};
			name = Debug;
		};
		C7E25D612A825B5200CC56F2 /* Release */ = {
			isa = XCBuildConfiguration;
			buildSettings = {
				ALWAYS_EMBED_SWIFT_STANDARD_LIBRARIES = YES;
				BUNDLE_LOADER = "$(TEST_HOST)";
				CODE_SIGN_STYLE = Automatic;
				CURRENT_PROJECT_VERSION = 1;
				DEVELOPMENT_TEAM = YV94F8SKGT;
				GENERATE_INFOPLIST_FILE = YES;
				IPHONEOS_DEPLOYMENT_TARGET = 16.2;
				MARKETING_VERSION = 1.0;
				PRODUCT_BUNDLE_IDENTIFIER = space.redoctopus.BonusProgramAppTests;
				PRODUCT_NAME = "$(TARGET_NAME)";
				SWIFT_EMIT_LOC_STRINGS = NO;
				SWIFT_VERSION = 5.0;
				TARGETED_DEVICE_FAMILY = "1,2";
				TEST_HOST = "$(BUILT_PRODUCTS_DIR)/BonusProgramApp.app/$(BUNDLE_EXECUTABLE_FOLDER_PATH)/BonusProgramApp";
			};
			name = Release;
		};
		C7E25D632A825B5200CC56F2 /* Debug */ = {
			isa = XCBuildConfiguration;
			buildSettings = {
				ALWAYS_EMBED_SWIFT_STANDARD_LIBRARIES = YES;
				CODE_SIGN_STYLE = Automatic;
				CURRENT_PROJECT_VERSION = 1;
				DEVELOPMENT_TEAM = YV94F8SKGT;
				GENERATE_INFOPLIST_FILE = YES;
				MARKETING_VERSION = 1.0;
				PRODUCT_BUNDLE_IDENTIFIER = space.redoctopus.BonusProgramAppUITests;
				PRODUCT_NAME = "$(TARGET_NAME)";
				SWIFT_EMIT_LOC_STRINGS = NO;
				SWIFT_VERSION = 5.0;
				TARGETED_DEVICE_FAMILY = "1,2";
				TEST_TARGET_NAME = BonusProgramApp;
			};
			name = Debug;
		};
		C7E25D642A825B5200CC56F2 /* Release */ = {
			isa = XCBuildConfiguration;
			buildSettings = {
				ALWAYS_EMBED_SWIFT_STANDARD_LIBRARIES = YES;
				CODE_SIGN_STYLE = Automatic;
				CURRENT_PROJECT_VERSION = 1;
				DEVELOPMENT_TEAM = YV94F8SKGT;
				GENERATE_INFOPLIST_FILE = YES;
				MARKETING_VERSION = 1.0;
				PRODUCT_BUNDLE_IDENTIFIER = space.redoctopus.BonusProgramAppUITests;
				PRODUCT_NAME = "$(TARGET_NAME)";
				SWIFT_EMIT_LOC_STRINGS = NO;
				SWIFT_VERSION = 5.0;
				TARGETED_DEVICE_FAMILY = "1,2";
				TEST_TARGET_NAME = BonusProgramApp;
			};
			name = Release;
		};
/* End XCBuildConfiguration section */

/* Begin XCConfigurationList section */
		C7E25D2D2A825B5100CC56F2 /* Build configuration list for PBXProject "BonusProgramApp" */ = {
			isa = XCConfigurationList;
			buildConfigurations = (
				C7E25D5A2A825B5200CC56F2 /* Debug */,
				C7E25D5B2A825B5200CC56F2 /* Release */,
			);
			defaultConfigurationIsVisible = 0;
			defaultConfigurationName = Release;
		};
		C7E25D5C2A825B5200CC56F2 /* Build configuration list for PBXNativeTarget "BonusProgramApp" */ = {
			isa = XCConfigurationList;
			buildConfigurations = (
				C7E25D5D2A825B5200CC56F2 /* Debug */,
				C7E25D5E2A825B5200CC56F2 /* Release */,
			);
			defaultConfigurationIsVisible = 0;
			defaultConfigurationName = Release;
		};
		C7E25D5F2A825B5200CC56F2 /* Build configuration list for PBXNativeTarget "BonusProgramAppTests" */ = {
			isa = XCConfigurationList;
			buildConfigurations = (
				C7E25D602A825B5200CC56F2 /* Debug */,
				C7E25D612A825B5200CC56F2 /* Release */,
			);
			defaultConfigurationIsVisible = 0;
			defaultConfigurationName = Release;
		};
		C7E25D622A825B5200CC56F2 /* Build configuration list for PBXNativeTarget "BonusProgramAppUITests" */ = {
			isa = XCConfigurationList;
			buildConfigurations = (
				C7E25D632A825B5200CC56F2 /* Debug */,
				C7E25D642A825B5200CC56F2 /* Release */,
			);
			defaultConfigurationIsVisible = 0;
			defaultConfigurationName = Release;
		};
/* End XCConfigurationList section */

/* Begin XCRemoteSwiftPackageReference section */
		C7D36A842A82953200C82845 /* XCRemoteSwiftPackageReference "lottie-spm" */ = {
			isa = XCRemoteSwiftPackageReference;
			repositoryURL = "https://github.com/airbnb/lottie-spm.git";
			requirement = {
				kind = upToNextMajorVersion;
				minimumVersion = 4.0.0;
			};
		};
/* End XCRemoteSwiftPackageReference section */

/* Begin XCSwiftPackageProductDependency section */
		C7D36A852A82953200C82845 /* Lottie */ = {
			isa = XCSwiftPackageProductDependency;
			package = C7D36A842A82953200C82845 /* XCRemoteSwiftPackageReference "lottie-spm" */;
			productName = Lottie;
		};
/* End XCSwiftPackageProductDependency section */
	};
	rootObject = C7E25D2A2A825B5100CC56F2 /* Project object */;
}
